
Microsoft Visual Studio Solution File, Format Version 12.00
# Visual Studio 2013
VisualStudioVersion = 12.0.40629.0
MinimumVisualStudioVersion = 10.0.40219.1
Project("{FAE04EC0-301F-11D3-BF4B-00C04F79EFBC}") = "LabBigSchool_LQuangTruong", "LabBigSchool_LQuangTruong\LabBigSchool_LQuangTruong.csproj", "{A539D5D5-DA8F-4350-AF1D-26F0F1913ED1}"
EndProject
Global
	GlobalSection(SolutionConfigurationPlatforms) = preSolution
		Debug|Any CPU = Debug|Any CPU
		Release|Any CPU = Release|Any CPU
	EndGlobalSection
	GlobalSection(ProjectConfigurationPlatforms) = postSolution
		{A539D5D5-DA8F-4350-AF1D-26F0F1913ED1}.Debug|Any CPU.ActiveCfg = Debug|Any CPU
		{A539D5D5-DA8F-4350-AF1D-26F0F1913ED1}.Debug|Any CPU.Build.0 = Debug|Any CPU
		{A539D5D5-DA8F-4350-AF1D-26F0F1913ED1}.Release|Any CPU.ActiveCfg = Release|Any CPU
		{A539D5D5-DA8F-4350-AF1D-26F0F1913ED1}.Release|Any CPU.Build.0 = Release|Any CPU
	EndGlobalSection
	GlobalSection(SolutionProperties) = preSolution
		HideSolutionNode = FALSE
	EndGlobalSection
EndGlobal
